
Microsoft Visual Studio Solution File, Format Version 12.00
# Visual Studio Version 17
VisualStudioVersion = 17.14.37216.2 d17.14
MinimumVisualStudioVersion = 10.0.40219.1
Project("{FAE04EC0-301F-11D3-BF4B-00C04F79EFBC}") = "IceCaveSkills", "IceCaveSkills.csproj", "{9A76071C-0D37-415E-A1C3-D855A3598F13}"
EndProject
Global
	GlobalSection(SolutionConfigurationPlatforms) = preSolution
		Debug|Any CPU = Debug|Any CPU
		Release|Any CPU = Release|Any CPU
	EndGlobalSection
	GlobalSection(ProjectConfigurationPlatforms) = postSolution
		{9A76071C-0D37-415E-A1C3-D855A3598F13}.Debug|Any CPU.ActiveCfg = Debug|Any CPU
		{9A76071C-0D37-415E-A1C3-D855A3598F13}.Debug|Any CPU.Build.0 = Debug|Any CPU
		{9A76071C-0D37-415E-A1C3-D855A3598F13}.Release|Any CPU.ActiveCfg = Release|Any CPU
		{9A76071C-0D37-415E-A1C3-D855A3598F13}.Release|Any CPU.Build.0 = Release|Any CPU
	EndGlobalSection
	GlobalSection(SolutionProperties) = preSolution
		HideSolutionNode = FALSE
	EndGlobalSection
	GlobalSection(ExtensibilityGlobals) = postSolution
		SolutionGuid = {FB2817D3-EB26-48CB-8781-BC8909904949}
	EndGlobalSection
EndGlobal
